github.com/coder/websocket v1.8.12 h1:5bUXkEPPIbewrnkU8LTCLVaxi4N4J8ahufH2vlo4NAo=
github.com/coder/websocket v1.8.12/go.mod h1:LNVeNrXQZfe5qhS9ALED3uA+l5pPqvwXg3CKoDBB2gs=
github.com/rebirth-in-ruins/torpedodge/server v0.0.0-20240908145827-074113e42596 h1:OmCV1jYO0HYOyxV4n1lqbo/L9SmVk4VG95yrvzOGzOI=
github.com/rebirth-in-ruins/torpedodge/server v0.0.0-20240908145827-074113e42596/go.mod h1:1T53PiSiArMSNq6R8LXETeOagSVXTntRIDl2H1tRTz0=
